
Microsoft Visual Studio Solution File, Format Version 12.00
# Visual Studio Version 17
VisualStudioVersion = 17.2.32630.192
MinimumVisualStudioVersion = 10.0.40219.1
Project("{FAE04EC0-301F-11D3-BF4B-00C04F79EFBC}") = "Silverhorse.WebApi", "Silverhorse.WebApi\Silverhorse.WebApi.csproj", "{25981319-AAF6-474B-801A-A8A37C1759A9}"
EndProject
Global
	GlobalSection(SolutionConfigurationPlatforms) = preSolution
		Debug|Any CPU = Debug|Any CPU
		Release|Any CPU = Release|Any CPU
	EndGlobalSection
	GlobalSection(ProjectConfigurationPlatforms) = postSolution
		{25981319-AAF6-474B-801A-A8A37C1759A9}.Debug|Any CPU.ActiveCfg = Debug|Any CPU
		{25981319-AAF6-474B-801A-A8A37C1759A9}.Debug|Any CPU.Build.0 = Debug|Any CPU
		{25981319-AAF6-474B-801A-A8A37C1759A9}.Release|Any CPU.ActiveCfg = Release|Any CPU
		{25981319-AAF6-474B-801A-A8A37C1759A9}.Release|Any CPU.Build.0 = Release|Any CPU
	EndGlobalSection
	GlobalSection(SolutionProperties) = preSolution
		HideSolutionNode = FALSE
	EndGlobalSection
	GlobalSection(ExtensibilityGlobals) = postSolution
		SolutionGuid = {A742DD77-4FA8-419E-B2A5-E003F1F9B11B}
	EndGlobalSection
EndGlobal
